# THIS IS AN AUTOGENERATED FILE. DO NOT EDIT THIS FILE DIRECTLY.
# yarn lockfile v1


"@babel/runtime@^7.14.5", "@babel/runtime@^7.7.6":
  version "7.16.7"
  resolved "https://registry.npmmirror.com/@babel/runtime/download/@babel/runtime-7.16.7.tgz#03ff99f64106588c9c403c6ecb8c3bafbbdff1fa"
  integrity sha512-9E9FJowqAsytyOY6LG+1KuueckRL+aQW+mKvXRXnuFGyRAyepJPmEo9vgMfXUA6O9u3IeEdv9MAkppFcaQwogQ==
  dependencies:
    regenerator-runtime "^0.13.4"

"@stencil/core@2.9.0":
  version "2.9.0"
  resolved "https://registry.npmmirror.com/@stencil/core/download/@stencil/core-2.9.0.tgz#cbac84b996475b8fc983931539ed1261174e2df3"
  integrity sha512-kY3xYolZoJO1MKslL0NQccHy72R3TIl1prHgfmIrEoGcnMgc6uiskdWaGMuI5/sCGz9T+QuTVz76B1H2ySyBZg==

"@tarojs/api@3.4.1":
  version "3.4.1"
  resolved "https://registry.npmmirror.com/@tarojs/api/download/@tarojs/api-3.4.1.tgz#4a90cf48161eb627fa4abfd6d4b497a683a5aa55"
  integrity sha512-Gmh0e9cp3rCofCCGQNlmTpdpSvgnHGDKGNwkQzzSTpuqMNih6a0jVQaG6zk3lh5mETVTcf+8tF5q4MTFppRL/g==
  dependencies:
    "@babel/runtime" "^7.14.5"
    "@tarojs/runtime" "3.4.1"

"@tarojs/components@^3.4.1":
  version "3.4.1"
  resolved "https://registry.npmmirror.com/@tarojs/components/download/@tarojs/components-3.4.1.tgz#ba5fbe9308b8ea1501688f8a33ef894a76c8372c"
  integrity sha512-2w/VdaiPoeJA6moFYVIfNg2WV8sUYwPxS5sHwKyH4iH/IoKOY34xFDh327ePKnqKW1q4plQMEMaUAB85JWWDAA==
  dependencies:
    "@stencil/core" "2.9.0"
    "@tarojs/taro" "3.4.1"
    better-scroll "^1.14.1"
    classnames "^2.2.5"
    intersection-observer "^0.7.0"
    omit.js "^1.0.0"
    resolve-pathname "^3.0.0"
    swiper "6.8.0"
    weui "^1.1.2"

"@tarojs/router@3.4.1":
  version "3.4.1"
  resolved "https://registry.npmmirror.com/@tarojs/router/download/@tarojs/router-3.4.1.tgz#f53ca1cdde19dc98c0426876e9c28afed5df711d"
  integrity sha512-u0siXz8B6gvhI3g5EGpgBdzP2XCLfoD8SVIg6ZackzW0NMm4qFM73qGS7ZSIrasVqVRNAh3EEOdfjEKUH9EFXw==
  dependencies:
    "@tarojs/runtime" "3.4.1"
    "@tarojs/taro" "3.4.1"
    history "^5.1.0"
    query-string "^6.13.8"
    universal-router "^8.3.0"
    url-parse "^1.4.7"

"@tarojs/runtime@3.4.1":
  version "3.4.1"
  resolved "https://registry.npmmirror.com/@tarojs/runtime/download/@tarojs/runtime-3.4.1.tgz#71c2239771e7755a076367ac284e0a487d8a9c1c"
  integrity sha512-jPh1P/S6JU9lZyC1KOEJy0sE2QRBpDZKQJqRnOu5nCylZzxaZ2TU1ACmnfuNnUX7/CwWt5f/y+h0mVFpvv9hwA==
  dependencies:
    "@tarojs/shared" "3.4.1"
    inversify "5.1.1"
    lodash-es "4.17.15"
    reflect-metadata "^0.1.13"

"@tarojs/shared@3.4.1":
  version "3.4.1"
  resolved "https://registry.npmmirror.com/@tarojs/shared/download/@tarojs/shared-3.4.1.tgz#529ff63f52b936573d225856c4f7c6902848592f"
  integrity sha512-X9LBS/TPBRsDjXj9+wynWQepdCY2jcPEJrpKdOL9Z+lEbvRABhnTOUjuaRKIkBJ+lLRg3/Xf8y1Oln+gnajKQQ==

"@tarojs/taro-h5@3.4.1":
  version "3.4.1"
  resolved "https://registry.npmmirror.com/@tarojs/taro-h5/download/@tarojs/taro-h5-3.4.1.tgz#ad6ae7d88eb4afd9548d78d03010edf066a82a6c"
  integrity sha512-hvwnWJ/EWzHNO5+3QVp6Nb6mJ5e4YCETVeTe2dQrKqbjew8w/DHxu6OzHJP6WlVw+WZHrlIUc5FfSuSIeDisbw==
  dependencies:
    "@tarojs/api" "3.4.1"
    "@tarojs/router" "3.4.1"
    "@tarojs/runtime" "3.4.1"
    "@tarojs/taro" "3.4.1"
    base64-js "^1.3.0"
    jsonp-retry "^1.0.3"
    mobile-detect "^1.4.2"
    whatwg-fetch "^3.4.0"

"@tarojs/taro@3.4.1":
  version "3.4.1"
  resolved "https://registry.npmmirror.com/@tarojs/taro/download/@tarojs/taro-3.4.1.tgz#05b34cfdb363216985c428cc84b2067c0ec7dec0"
  integrity sha512-10ubTVi4cAgFws1mMJPOgDTWyW+eeMTVwJkB0EfLe3nsZ/tK0w2+ulwMh5At60Tj4mWGzrSF6U4SWZRY4H5Ldw==
  dependencies:
    "@tarojs/api" "3.4.1"
    "@tarojs/runtime" "3.4.1"
    "@tarojs/taro-h5" "3.4.1"

"@types/node@^17.0.13":
  version "17.0.13"
  resolved "https://registry.npmmirror.com/@types/node/download/@types/node-17.0.13.tgz#5ed7ed7c662948335fcad6c412bb42d99ea754e3"
  integrity sha512-Y86MAxASe25hNzlDbsviXl8jQHb0RDvKt4c40ZJQ1Don0AAL0STLZSs4N+6gLEO55pedy7r2cLwS+ZDxPm/2Bw==

"@types/prop-types@*":
  version "15.7.4"
  resolved "https://registry.npmmirror.com/@types/prop-types/download/@types/prop-types-15.7.4.tgz#fcf7205c25dff795ee79af1e30da2c9790808f11"
  integrity sha1-/PcgXCXf95Xuea8eMNosl5CAjxE=

"@types/react@^17.0.38":
  version "17.0.38"
  resolved "https://registry.npmmirror.com/@types/react/download/@types/react-17.0.38.tgz#f24249fefd89357d5fa71f739a686b8d7c7202bd"
  integrity sha512-SI92X1IA+FMnP3qM5m4QReluXzhcmovhZnLNm3pyeQlooi02qI7sLiepEYqT678uNiyc25XfCqxREFpy3W7YhQ==
  dependencies:
    "@types/prop-types" "*"
    "@types/scheduler" "*"
    csstype "^3.0.2"

"@types/scheduler@*":
  version "0.16.2"
  resolved "https://registry.npmmirror.com/@types/scheduler/download/@types/scheduler-0.16.2.tgz#1a62f89525723dde24ba1b01b092bf5df8ad4d39"
  integrity sha1-GmL4lSVyPd4kuhsBsJK/XfitTTk=

babel-runtime@^6.0.0, babel-runtime@^6.23.0:
  version "6.26.0"
  resolved "https://registry.nlark.com/babel-runtime/download/babel-runtime-6.26.0.tgz?cache=0&sync_timestamp=1622604548583&other_urls=https%3A%2F%2Fregistry.nlark.com%2Fbabel-runtime%2Fdownload%2Fbabel-runtime-6.26.0.tgz#965c7058668e82b55d7bfe04ff2337bc8b5647fe"
  integrity sha1-llxwWGaOgrVde/4E/yM3vItWR/4=
  dependencies:
    core-js "^2.4.0"
    regenerator-runtime "^0.11.0"

base64-js@^1.3.0:
  version "1.5.1"
  resolved "https://registry.npmmirror.com/base64-js/download/base64-js-1.5.1.tgz#1b1b440160a5bf7ad40b650f095963481903930a"
  integrity sha1-GxtEAWClv3rUC2UPCVljSBkDkwo=

better-scroll@^1.14.1:
  version "1.15.2"
  resolved "https://registry.npmmirror.com/better-scroll/download/better-scroll-1.15.2.tgz#65ffc6058b8b4ff337b8dfad4bcb334d7699ceb6"
  integrity sha512-sSY2N8I9/B+YX/9JpIz6pMQYnmBuvspBqZG4UxYaQEfz/ZWrnxwdyKLL4t6IKpFmxqtZadVypXw7vSSHxBZpBQ==
  dependencies:
    babel-runtime "^6.0.0"

classnames@^2.2.5, classnames@^2.3.1:
  version "2.3.1"
  resolved "https://registry.npmmirror.com/classnames/download/classnames-2.3.1.tgz#dfcfa3891e306ec1dad105d0e88f4417b8535e8e"
  integrity sha512-OlQdbZ7gLfGarSqxesMesDa5uz7KFbID8Kpq/SxIoNGDqY8lSYs0D+hhtBXhcdB3rcbXArFr7vlHheLk1voeNA==

core-js@^2.4.0:
  version "2.6.12"
  resolved "https://registry.npmmirror.com/core-js/download/core-js-2.6.12.tgz#d9333dfa7b065e347cc5682219d6f690859cc2ec"
  integrity sha512-Kb2wC0fvsWfQrgk8HU5lW6U/Lcs8+9aaYcy4ZFc6DDlo4nZ7n70dEgE5rtR0oG6ufKDUnrwfWL1mXR5ljDatrQ==

csstype@^3.0.2:
  version "3.0.10"
  resolved "https://registry.npmmirror.com/csstype/download/csstype-3.0.10.tgz?cache=0&sync_timestamp=1637224514674&other_urls=https%3A%2F%2Fregistry.npmmirror.com%2Fcsstype%2Fdownload%2Fcsstype-3.0.10.tgz#2ad3a7bed70f35b965707c092e5f30b327c290e5"
  integrity sha512-2u44ZG2OcNUO9HDp/Jl8C07x6pU/eTR3ncV91SiK3dhG9TWvRVsCoJw14Ckx5DgWkzGA3waZWO3d7pgqpUI/XA==

decode-uri-component@^0.2.0:
  version "0.2.0"
  resolved "https://registry.nlark.com/decode-uri-component/download/decode-uri-component-0.2.0.tgz#eb3913333458775cb84cd1a1fae062106bb87545"
  integrity sha1-6zkTMzRYd1y4TNGh+uBiEGu4dUU=

dom7@^3.0.0:
  version "3.0.0"
  resolved "https://registry.npmmirror.com/dom7/download/dom7-3.0.0.tgz#b861ce5d67a6becd7aaa3ad02942ff14b1240331"
  integrity sha1-uGHOXWemvs16qjrQKUL/FLEkAzE=
  dependencies:
    ssr-window "^3.0.0-alpha.1"

filter-obj@^1.1.0:
  version "1.1.0"
  resolved "https://registry.nlark.com/filter-obj/download/filter-obj-1.1.0.tgz?cache=0&sync_timestamp=1630004180503&other_urls=https%3A%2F%2Fregistry.nlark.com%2Ffilter-obj%2Fdownload%2Ffilter-obj-1.1.0.tgz#9b311112bc6c6127a16e016c6c5d7f19e0805c5b"
  integrity sha1-mzERErxsYSehbgFsbF1/GeCAXFs=

history@^5.1.0:
  version "5.2.0"
  resolved "https://registry.npmmirror.com/history/download/history-5.2.0.tgz#7cdd31cf9bac3c5d31f09c231c9928fad0007b7c"
  integrity sha512-uPSF6lAJb3nSePJ43hN3eKj1dTWpN9gMod0ZssbFTIsen+WehTmEadgL+kg78xLJFdRfrrC//SavDzmRVdE+Ig==
  dependencies:
    "@babel/runtime" "^7.7.6"

intersection-observer@^0.7.0:
  version "0.7.0"
  resolved "https://registry.npmmirror.com/intersection-observer/download/intersection-observer-0.7.0.tgz#ee16bee978db53516ead2f0a8154b09b400bbdc9"
  integrity sha1-7ha+6XjbU1FurS8KgVSwm0ALvck=

inversify@5.1.1:
  version "5.1.1"
  resolved "https://registry.npmmirror.com/inversify/download/inversify-5.1.1.tgz#6fbd668c591337404e005a1946bfe0d802c08730"
  integrity sha512-j8grHGDzv1v+8T1sAQ+3boTCntFPfvxLCkNcxB1J8qA0lUN+fAlSyYd+RXKvaPRL4AGyPxViutBEJHNXOyUdFQ==

jsonp-retry@^1.0.3:
  version "1.0.3"
  resolved "https://registry.nlark.com/jsonp-retry/download/jsonp-retry-1.0.3.tgz#9e6b18b02ec767a621dd44b4e99439a8a43a6419"
  integrity sha1-nmsYsC7HZ6Yh3US06ZQ5qKQ6ZBk=
  dependencies:
    object-assign "^4.1.1"

lodash-es@4.17.15:
  version "4.17.15"
  resolved "https://registry.npmmirror.com/lodash-es/download/lodash-es-4.17.15.tgz#21bd96839354412f23d7a10340e5eac6ee455d78"
  integrity sha512-rlrc3yU3+JNOpZ9zj5pQtxnx2THmvRykwL4Xlxoa8I9lHBlVbbyPhgyPMioxVZ4NqyxaVVtaJnzsyOidQIhyyQ==

mobile-detect@^1.4.2:
  version "1.4.5"
  resolved "https://registry.nlark.com/mobile-detect/download/mobile-detect-1.4.5.tgz#da393c3c413ca1a9bcdd9ced653c38281c0fb6ad"
  integrity sha1-2jk8PEE8oam83ZztZTw4KBwPtq0=

object-assign@^4.1.1:
  version "4.1.1"
  resolved "https://registry.nlark.com/object-assign/download/object-assign-4.1.1.tgz#2109adc7965887cfc05cbbd442cac8bfbb360863"
  integrity sha1-IQmtx5ZYh8/AXLvUQsrIv7s2CGM=

omit.js@^1.0.0:
  version "1.0.2"
  resolved "https://registry.nlark.com/omit.js/download/omit.js-1.0.2.tgz#91a14f0eba84066dfa015bf30e474c47f30bc858"
  integrity sha1-kaFPDrqEBm36AVvzDkdMR/MLyFg=
  dependencies:
    babel-runtime "^6.23.0"

path-to-regexp@^3.1.0:
  version "3.2.0"
  resolved "https://registry.npmmirror.com/path-to-regexp/download/path-to-regexp-3.2.0.tgz#fa7877ecbc495c601907562222453c43cc204a5f"
  integrity sha512-jczvQbCUS7XmS7o+y1aEO9OBVFeZBQ1MDSEqmO7xSoPgOPoowY/SxLpZ6Vh97/8qHZOteiCKb7gkG9gA2ZUxJA==

query-string@^6.13.8:
  version "6.14.1"
  resolved "https://registry.npmmirror.com/query-string/download/query-string-6.14.1.tgz#7ac2dca46da7f309449ba0f86b1fd28255b0c86a"
  integrity sha512-XDxAeVmpfu1/6IjyT/gXHOl+S0vQ9owggJ30hhWKdHAsNPOcasn5o9BW0eejZqL2e4vMjhAxoW3jVHcD6mbcYw==
  dependencies:
    decode-uri-component "^0.2.0"
    filter-obj "^1.1.0"
    split-on-first "^1.0.0"
    strict-uri-encode "^2.0.0"

querystringify@^2.1.1:
  version "2.2.0"
  resolved "https://registry.nlark.com/querystringify/download/querystringify-2.2.0.tgz#3345941b4153cb9d082d8eee4cda2016a9aef7f6"
  integrity sha1-M0WUG0FTy50ILY7uTNogFqmu9/Y=

reflect-metadata@^0.1.13:
  version "0.1.13"
  resolved "https://registry.npmmirror.com/reflect-metadata/download/reflect-metadata-0.1.13.tgz#67ae3ca57c972a2aa1642b10fe363fe32d49dc08"
  integrity sha1-Z648pXyXKiqhZCsQ/jY/4y1J3Ag=

regenerator-runtime@^0.11.0:
  version "0.11.1"
  resolved "https://registry.npmmirror.com/regenerator-runtime/download/regenerator-runtime-0.11.1.tgz#be05ad7f9bf7d22e056f9726cee5017fbf19e2e9"
  integrity sha512-MguG95oij0fC3QV3URf4V2SDYGJhJnJGqvIIgdECeODCT98wSWDAJ94SSuVpYQUoTcGUIL6L4yNB7j1DFFHSBg==

regenerator-runtime@^0.13.4:
  version "0.13.9"
  resolved "https://registry.npmmirror.com/regenerator-runtime/download/regenerator-runtime-0.13.9.tgz#8925742a98ffd90814988d7566ad30ca3b263b52"
  integrity sha512-p3VT+cOEgxFsRRA9X4lkI1E+k2/CtnKtU4gcxyaCUreilL/vqI6CdZ3wxVUx3UOUg+gnUOQQcRI7BmSI656MYA==

requires-port@^1.0.0:
  version "1.0.0"
  resolved "https://registry.nlark.com/requires-port/download/requires-port-1.0.0.tgz#925d2601d39ac485e091cf0da5c6e694dc3dcaff"
  integrity sha1-kl0mAdOaxIXgkc8NpcbmlNw9yv8=

resolve-pathname@^3.0.0:
  version "3.0.0"
  resolved "https://registry.nlark.com/resolve-pathname/download/resolve-pathname-3.0.0.tgz#99d02224d3cf263689becbb393bc560313025dcd"
  integrity sha1-mdAiJNPPJjaJvsuzk7xWAxMCXc0=

split-on-first@^1.0.0:
  version "1.1.0"
  resolved "https://registry.nlark.com/split-on-first/download/split-on-first-1.1.0.tgz#f610afeee3b12bce1d0c30425e76398b78249a5f"
  integrity sha1-9hCv7uOxK84dDDBCXnY5i3gkml8=

ssr-window@^3.0.0, ssr-window@^3.0.0-alpha.1:
  version "3.0.0"
  resolved "https://registry.npmmirror.com/ssr-window/download/ssr-window-3.0.0.tgz#fd5b82801638943e0cc704c4691801435af7ac37"
  integrity sha1-/VuCgBY4lD4MxwTEaRgBQ1r3rDc=

strict-uri-encode@^2.0.0:
  version "2.0.0"
  resolved "https://registry.nlark.com/strict-uri-encode/download/strict-uri-encode-2.0.0.tgz#b9c7330c7042862f6b142dc274bbcc5866ce3546"
  integrity sha1-ucczDHBChi9rFC3CdLvMWGbONUY=

swiper@6.8.0:
  version "6.8.0"
  resolved "https://registry.npmmirror.com/swiper/download/swiper-6.8.0.tgz#61c850f49ba778e403f00a01fe0b768bd85d0d20"
  integrity sha512-6H3e7VOihasMp8sPXNhRDkc61UD0XeFlefbWfUHecBLBTtmA+9WxJiKDBMdzgetK1cny+5+mKfVcsmxYgnEDSw==
  dependencies:
    dom7 "^3.0.0"
    ssr-window "^3.0.0"

ts-pattern@^3.3.5:
  version "3.3.5"
  resolved "https://registry.npmmirror.com/ts-pattern/download/ts-pattern-3.3.5.tgz#9a4bde1d44f9afe7e82409820f68790232c2544c"
  integrity sha512-LD+wFR/RNckk1DrKV0LTH4KIT9wRqnnOjtEf77ovhKcVi8gf83Uf6U7OdywEua6KD9SbHadUdfolayfIUiPxzw==

typescript@^4.5.5:
  version "4.5.5"
  resolved "https://registry.npmmirror.com/typescript/download/typescript-4.5.5.tgz#d8c953832d28924a9e3d37c73d729c846c5896f3"
  integrity sha512-TCTIul70LyWe6IJWT8QSYeA54WQe8EjQFU4wY52Fasj5UKx88LNYKCgBEHcOMOrFF1rKGbD8v/xcNWVUq9SymA==

universal-router@^8.3.0:
  version "8.3.0"
  resolved "https://registry.nlark.com/universal-router/download/universal-router-8.3.0.tgz?cache=0&sync_timestamp=1624461907780&other_urls=https%3A%2F%2Fregistry.nlark.com%2Funiversal-router%2Fdownload%2Funiversal-router-8.3.0.tgz#533bce135d7b1abf591421c5d2028d54407a34a0"
  integrity sha1-UzvOE117Gr9ZFCHF0gKNVEB6NKA=
  dependencies:
    path-to-regexp "^3.1.0"

url-parse@^1.4.7:
  version "1.5.4"
  resolved "https://registry.npmmirror.com/url-parse/download/url-parse-1.5.4.tgz#e4f645a7e2a0852cc8a66b14b292a3e9a11a97fd"
  integrity sha512-ITeAByWWoqutFClc/lRZnFplgXgEZr3WJ6XngMM/N9DMIm4K8zXPCZ1Jdu0rERwO84w1WC5wkle2ubwTA4NTBg==
  dependencies:
    querystringify "^2.1.1"
    requires-port "^1.0.0"

weui@^1.1.2:
  version "1.1.3"
  resolved "https://registry.npmmirror.com/weui/download/weui-1.1.3.tgz#0f0899bb61bb2ec603b2648367a8139298f81514"
  integrity sha1-DwiZu2G7LsYDsmSDZ6gTkpj4FRQ=

whatwg-fetch@^3.4.0:
  version "3.6.2"
  resolved "https://registry.nlark.com/whatwg-fetch/download/whatwg-fetch-3.6.2.tgz#dced24f37f2624ed0281725d51d0e2e3fe677f8c"
  integrity sha1-3O0k838mJO0CgXJdUdDi4/5nf4w=
